
Microsoft Visual Studio Solution File, Format Version 12.00
# Visual Studio 14
VisualStudioVersion = 14.0.25420.1
MinimumVisualStudioVersion = 10.0.40219.1
Project("{FAE04EC0-301F-11D3-BF4B-00C04F79EFBC}") = "FloatingText.CSharp", "FloatingText.CSharp.csproj", "{A17B8771-7E05-9430-5B72-933E5C127CAD}"
EndProject
Project("{FAE04EC0-301F-11D3-BF4B-00C04F79EFBC}") = "FloatingText.CSharp.Editor", "FloatingText.CSharp.Editor.csproj", "{C2D069E9-8836-A348-F0C7-AB57A050D0C9}"
EndProject
Project("{FAE04EC0-301F-11D3-BF4B-00C04F79EFBC}") = "Love Is In The Air", "Apps\Love Is In The Air\Love Is In The Air\Love Is In The Air.csproj", "{13A45C13-3265-47B8-BC48-A553B569DF55}"
EndProject
Project("{FAE04EC0-301F-11D3-BF4B-00C04F79EFBC}") = "Assembly-CSharp", "C:\Users\Vincent\dev_factory\Octo\HoloLens\FloatingText\Apps\Love Is In The Air\GeneratedProjects\UWP\Assembly-CSharp\Assembly-CSharp.csproj", "{95EE82DD-A298-450F-9CD9-6997B81E3E32}"
EndProject
Project("{FAE04EC0-301F-11D3-BF4B-00C04F79EFBC}") = "Assembly-CSharp-firstpass", "C:\Users\Vincent\dev_factory\Octo\HoloLens\FloatingText\Apps\Love Is In The Air\GeneratedProjects\UWP\Assembly-CSharp-firstpass\Assembly-CSharp-firstpass.csproj", "{B4BBED22-1324-4F44-B6E4-6A170AE39596}"
EndProject
Global
	GlobalSection(SolutionConfigurationPlatforms) = preSolution
		Debug|Any CPU = Debug|Any CPU
		Release|Any CPU = Release|Any CPU
	EndGlobalSection
	GlobalSection(ProjectConfigurationPlatforms) = postSolution
		{A17B8771-7E05-9430-5B72-933E5C127CAD}.Debug|Any CPU.ActiveCfg = Debug|Any CPU
		{A17B8771-7E05-9430-5B72-933E5C127CAD}.Debug|Any CPU.Build.0 = Debug|Any CPU
		{A17B8771-7E05-9430-5B72-933E5C127CAD}.Release|Any CPU.ActiveCfg = Release|Any CPU
		{A17B8771-7E05-9430-5B72-933E5C127CAD}.Release|Any CPU.Build.0 = Release|Any CPU
		{C2D069E9-8836-A348-F0C7-AB57A050D0C9}.Debug|Any CPU.ActiveCfg = Debug|Any CPU
		{C2D069E9-8836-A348-F0C7-AB57A050D0C9}.Debug|Any CPU.Build.0 = Debug|Any CPU
		{C2D069E9-8836-A348-F0C7-AB57A050D0C9}.Release|Any CPU.ActiveCfg = Release|Any CPU
		{C2D069E9-8836-A348-F0C7-AB57A050D0C9}.Release|Any CPU.Build.0 = Release|Any CPU
		{13A45C13-3265-47B8-BC48-A553B569DF55}.Debug|Any CPU.ActiveCfg = Debug|x86
		{13A45C13-3265-47B8-BC48-A553B569DF55}.Debug|Any CPU.Build.0 = Debug|x86
		{13A45C13-3265-47B8-BC48-A553B569DF55}.Debug|Any CPU.Deploy.0 = Debug|x86
		{13A45C13-3265-47B8-BC48-A553B569DF55}.Release|Any CPU.ActiveCfg = Release|x86
		{95EE82DD-A298-450F-9CD9-6997B81E3E32}.Debug|Any CPU.ActiveCfg = Debug|x86
		{95EE82DD-A298-450F-9CD9-6997B81E3E32}.Debug|Any CPU.Build.0 = Debug|x86
		{95EE82DD-A298-450F-9CD9-6997B81E3E32}.Release|Any CPU.ActiveCfg = Release|x86
		{B4BBED22-1324-4F44-B6E4-6A170AE39596}.Debug|Any CPU.ActiveCfg = Debug|x86
		{B4BBED22-1324-4F44-B6E4-6A170AE39596}.Debug|Any CPU.Build.0 = Debug|x86
		{B4BBED22-1324-4F44-B6E4-6A170AE39596}.Release|Any CPU.ActiveCfg = Release|x86
	EndGlobalSection
	GlobalSection(SolutionProperties) = preSolution
		HideSolutionNode = FALSE
	EndGlobalSection
EndGlobal
